
Microsoft Visual Studio Solution File, Format Version 12.00
# Visual Studio Version 17
VisualStudioVersion = 17.5.002.0
MinimumVisualStudioVersion = 10.0.40219.1
Project("{9A19103F-16F7-4668-BE54-9A1E7A4F7556}") = "LoginFormsApp", "LoginFormsApp.csproj", "{6B62CEA7-6FE1-40AF-B684-7FE15E27FCAD}"
EndProject
Global
	GlobalSection(SolutionConfigurationPlatforms) = preSolution
		Debug|Any CPU = Debug|Any CPU
		Release|Any CPU = Release|Any CPU
	EndGlobalSection
	GlobalSection(ProjectConfigurationPlatforms) = postSolution
		{6B62CEA7-6FE1-40AF-B684-7FE15E27FCAD}.Debug|Any CPU.ActiveCfg = Debug|Any CPU
		{6B62CEA7-6FE1-40AF-B684-7FE15E27FCAD}.Debug|Any CPU.Build.0 = Debug|Any CPU
		{6B62CEA7-6FE1-40AF-B684-7FE15E27FCAD}.Release|Any CPU.ActiveCfg = Release|Any CPU
		{6B62CEA7-6FE1-40AF-B684-7FE15E27FCAD}.Release|Any CPU.Build.0 = Release|Any CPU
	EndGlobalSection
	GlobalSection(SolutionProperties) = preSolution
		HideSolutionNode = FALSE
	EndGlobalSection
	GlobalSection(ExtensibilityGlobals) = postSolution
		SolutionGuid = {56AC4AF8-9607-4A1C-A8BD-1B62B4DBFBF5}
	EndGlobalSection
EndGlobal
